
Microsoft Visual Studio Solution File, Format Version 12.00
# Visual Studio Version 17
VisualStudioVersion = 17.5.002.0
MinimumVisualStudioVersion = 10.0.40219.1
Project("{9A19103F-16F7-4668-BE54-9A1E7A4F7556}") = "dotnet-urlshortener", "dotnet-urlshortener.csproj", "{30BECE98-D94C-4F99-8EC7-EE6C678D0543}"
EndProject
Global
	GlobalSection(SolutionConfigurationPlatforms) = preSolution
		Debug|Any CPU = Debug|Any CPU
		Release|Any CPU = Release|Any CPU
	EndGlobalSection
	GlobalSection(ProjectConfigurationPlatforms) = postSolution
		{30BECE98-D94C-4F99-8EC7-EE6C678D0543}.Debug|Any CPU.ActiveCfg = Debug|Any CPU
		{30BECE98-D94C-4F99-8EC7-EE6C678D0543}.Debug|Any CPU.Build.0 = Debug|Any CPU
		{30BECE98-D94C-4F99-8EC7-EE6C678D0543}.Release|Any CPU.ActiveCfg = Release|Any CPU
		{30BECE98-D94C-4F99-8EC7-EE6C678D0543}.Release|Any CPU.Build.0 = Release|Any CPU
	EndGlobalSection
	GlobalSection(SolutionProperties) = preSolution
		HideSolutionNode = FALSE
	EndGlobalSection
	GlobalSection(ExtensibilityGlobals) = postSolution
		SolutionGuid = {8DFC4C15-BD12-4862-A1A4-49AC8C4C5E83}
	EndGlobalSection
EndGlobal
